# This file is automatically @generated by Cargo.
# It is not intended for manual editing.
version = 4

[[package]]
name = "determinism"
version = "0.1.0"

[[package]]
name = "harness"
version = "0.1.0"
dependencies = [
 "determinism",
 "sim",
]

[[package]]
name = "sim"
version = "0.1.0"
dependencies = [
 "determinism",
]
